<?xml version="1.0" encoding="utf-8"?>
<Project ToolsVersion="4.0" xmlns="http://schemas.microsoft.com/developer/msbuild/2003">
  <ItemGroup>
    <Filter Include="Source Files">
      <UniqueIdentifier>{4FC737F1-C7A5-4376-A066-2A32D752A2FF}</UniqueIdentifier>
      <Extensions>cpp;c;cc;cxx;c++;cppm;ixx;def;odl;idl;hpj;bat;asm;asmx</Extensions>
    </Filter>
    <Filter Include="Header Files">
      <UniqueIdentifier>{93995380-89BD-4b04-88EB-625FBE52EBFB}</UniqueIdentifier>
      <Extensions>h;hh;hpp;hxx;h++;hm;inl;inc;ipp;xsd</Extensions>
    </Filter>
    <Filter Include="Resource Files">
      <UniqueIdentifier>{67DA6AB6-F800-4c08-8B7A-83BB121AAD01}</UniqueIdentifier>
      <Extensions>rc;ico;cur;bmp;dlg;rc2;rct;bin;rgs;gif;jpg;jpeg;jpe;resx;tiff;tif;png;wav;mfcribbon-ms</Extensions>
    </Filter>
    <Filter Include="Header Files\discord">
      <UniqueIdentifier>{b0796bb2-3a5a-4a1b-a717-3d84e4203a37}</UniqueIdentifier>
    </Filter>
    <Filter Include="Source Files\discord">
      <UniqueIdentifier>{26de7a51-a27c-408a-8200-4a14ee92ddab}</UniqueIdentifier>
    </Filter>
  </ItemGroup>
  <ItemGroup>
    <ClInclude Include="src\constants.h">
      <Filter>Header Files</Filter>
    </ClInclude>
    <ClInclude Include="src\discordManager.h">
      <Filter>Header Files</Filter>
    </ClInclude>
    <ClInclude Include="src\formatting.h">
      <Filter>Header Files</Filter>
    </ClInclude>
    <ClInclude Include="src\memoryReading.h">
      <Filter>Header Files</Filter>
    </ClInclude>
    <ClInclude Include="src\discord\achievement_manager.h">
      <Filter>Header Files\discord</Filter>
    </ClInclude>
    <ClInclude Include="src\discord\activity_manager.h">
      <Filter>Header Files\discord</Filter>
    </ClInclude>
    <ClInclude Include="src\discord\application_manager.h">
      <Filter>Header Files\discord</Filter>
    </ClInclude>
    <ClInclude Include="src\discord\core.h">
      <Filter>Header Files\discord</Filter>
    </ClInclude>
    <ClInclude Include="src\discord\discord.h">
      <Filter>Header Files\discord</Filter>
    </ClInclude>
    <ClInclude Include="src\discord\event.h">
      <Filter>Header Files\discord</Filter>
    </ClInclude>
    <ClInclude Include="src\discord\ffi.h">
      <Filter>Header Files\discord</Filter>
    </ClInclude>
    <ClInclude Include="src\discord\image_manager.h">
      <Filter>Header Files\discord</Filter>
    </ClInclude>
    <ClInclude Include="src\discord\lobby_manager.h">
      <Filter>Header Files\discord</Filter>
    </ClInclude>
    <ClInclude Include="src\discord\network_manager.h">
      <Filter>Header Files\discord</Filter>
    </ClInclude>
    <ClInclude Include="src\discord\overlay_manager.h">
      <Filter>Header Files\discord</Filter>
    </ClInclude>
    <ClInclude Include="src\discord\relationship_manager.h">
      <Filter>Header Files\discord</Filter>
    </ClInclude>
    <ClInclude Include="src\discord\storage_manager.h">
      <Filter>Header Files\discord</Filter>
    </ClInclude>
    <ClInclude Include="src\discord\store_manager.h">
      <Filter>Header Files\discord</Filter>
    </ClInclude>
    <ClInclude Include="src\discord\types.h">
      <Filter>Header Files\discord</Filter>
    </ClInclude>
    <ClInclude Include="src\discord\user_manager.h">
      <Filter>Header Files\discord</Filter>
    </ClInclude>
    <ClInclude Include="src\discord\voice_manager.h">
      <Filter>Header Files\discord</Filter>
    </ClInclude>
    <ClInclude Include="src\logger.h">
      <Filter>Header Files</Filter>
    </ClInclude>
    <ClInclude Include="src\Timer.h">
      <Filter>Header Files</Filter>
    </ClInclude>
  </ItemGroup>
  <ItemGroup>
    <ClCompile Include="src\discordManager.cpp">
      <Filter>Source Files</Filter>
    </ClCompile>
    <ClCompile Include="src\dllmain.cpp">
      <Filter>Source Files</Filter>
    </ClCompile>
    <ClCompile Include="src\formatting.cpp">
      <Filter>Source Files</Filter>
    </ClCompile>
    <ClCompile Include="src\memoryReading.cpp">
      <Filter>Source Files</Filter>
    </ClCompile>
    <ClCompile Include="src\discord\achievement_manager.cpp">
      <Filter>Source Files\discord</Filter>
    </ClCompile>
    <ClCompile Include="src\discord\activity_manager.cpp">
      <Filter>Source Files\discord</Filter>
    </ClCompile>
    <ClCompile Include="src\discord\application_manager.cpp">
      <Filter>Source Files\discord</Filter>
    </ClCompile>
    <ClCompile Include="src\discord\core.cpp">
      <Filter>Source Files\discord</Filter>
    </ClCompile>
    <ClCompile Include="src\discord\image_manager.cpp">
      <Filter>Source Files\discord</Filter>
    </ClCompile>
    <ClCompile Include="src\discord\lobby_manager.cpp">
      <Filter>Source Files\discord</Filter>
    </ClCompile>
    <ClCompile Include="src\discord\network_manager.cpp">
      <Filter>Source Files\discord</Filter>
    </ClCompile>
    <ClCompile Include="src\discord\overlay_manager.cpp">
      <Filter>Source Files\discord</Filter>
    </ClCompile>
    <ClCompile Include="src\discord\relationship_manager.cpp">
      <Filter>Source Files\discord</Filter>
    </ClCompile>
    <ClCompile Include="src\discord\storage_manager.cpp">
      <Filter>Source Files\discord</Filter>
    </ClCompile>
    <ClCompile Include="src\discord\store_manager.cpp">
      <Filter>Source Files\discord</Filter>
    </ClCompile>
    <ClCompile Include="src\discord\types.cpp">
      <Filter>Source Files\discord</Filter>
    </ClCompile>
    <ClCompile Include="src\discord\user_manager.cpp">
      <Filter>Source Files\discord</Filter>
    </ClCompile>
    <ClCompile Include="src\discord\voice_manager.cpp">
      <Filter>Source Files\discord</Filter>
    </ClCompile>
    <ClCompile Include="src\logger.cpp">
      <Filter>Source Files</Filter>
    </ClCompile>
    <ClCompile Include="src\Timer.cpp">
      <Filter>Source Files</Filter>
    </ClCompile>
  </ItemGroup>
</Project>